
Microsoft Visual Studio Solution File, Format Version 12.00
# Visual Studio Version 17
VisualStudioVersion = 17.5.33530.505
MinimumVisualStudioVersion = 10.0.40219.1
Project("{9A19103F-16F7-4668-BE54-9A1E7A4F7556}") = "BotPetShop", "BotPetShop\BotPetShop.csproj", "{C21A638C-47D0-4309-89C3-7F9A6C9A02E4}"
EndProject
Project("{9A19103F-16F7-4668-BE54-9A1E7A4F7556}") = "Domain", "Domain\Domain.csproj", "{CEF7734E-F6D9-48B7-B906-795C9DD7CD68}"
EndProject
Global
	GlobalSection(SolutionConfigurationPlatforms) = preSolution
		Debug|Any CPU = Debug|Any CPU
		Release|Any CPU = Release|Any CPU
	EndGlobalSection
	GlobalSection(ProjectConfigurationPlatforms) = postSolution
		{C21A638C-47D0-4309-89C3-7F9A6C9A02E4}.Debug|Any CPU.ActiveCfg = Debug|Any CPU
		{C21A638C-47D0-4309-89C3-7F9A6C9A02E4}.Debug|Any CPU.Build.0 = Debug|Any CPU
		{C21A638C-47D0-4309-89C3-7F9A6C9A02E4}.Release|Any CPU.ActiveCfg = Release|Any CPU
		{C21A638C-47D0-4309-89C3-7F9A6C9A02E4}.Release|Any CPU.Build.0 = Release|Any CPU
		{CEF7734E-F6D9-48B7-B906-795C9DD7CD68}.Debug|Any CPU.ActiveCfg = Debug|Any CPU
		{CEF7734E-F6D9-48B7-B906-795C9DD7CD68}.Debug|Any CPU.Build.0 = Debug|Any CPU
		{CEF7734E-F6D9-48B7-B906-795C9DD7CD68}.Release|Any CPU.ActiveCfg = Release|Any CPU
		{CEF7734E-F6D9-48B7-B906-795C9DD7CD68}.Release|Any CPU.Build.0 = Release|Any CPU
	EndGlobalSection
	GlobalSection(SolutionProperties) = preSolution
		HideSolutionNode = FALSE
	EndGlobalSection
	GlobalSection(ExtensibilityGlobals) = postSolution
		SolutionGuid = {C9FF0D60-EE14-49B7-A330-E92C53CF73D4}
	EndGlobalSection
EndGlobal
